{
  "lockfile_version": "1",
  "packages": {
    "go@latest": {
      "last_modified": "2024-12-23T21:10:33Z",
      "resolved": "github:NixOS/nixpkgs/de1864217bfa9b5845f465e771e0ecb48b30e02d#go",
      "source": "devbox-search",
      "version": "1.23.4",
      "systems": {
        "aarch64-darwin": {
          "outputs": [
            {
              "name": "out",
              "path": "/nix/store/bva4mymi5b2lhvvbccx8ipws89rar1d8-go-1.23.4",
              "default": true
            }
          ],
          "store_path": "/nix/store/bva4mymi5b2lhvvbccx8ipws89rar1d8-go-1.23.4"
        },
        "aarch64-linux": {
          "outputs": [
            {
              "name": "out",
              "path": "/nix/store/9lvi0l2yf6bwamsjs5d5n9i57c6kbd2c-go-1.23.4",
              "default": true
            }
          ],
          "store_path": "/nix/store/9lvi0l2yf6bwamsjs5d5n9i57c6kbd2c-go-1.23.4"
        },
        "x86_64-darwin": {
          "outputs": [
            {
              "name": "out",
              "path": "/nix/store/sf1y7x29wvp9lppx5ya9h5b42fcmxb32-go-1.23.4",
              "default": true
            }
          ],
          "store_path": "/nix/store/sf1y7x29wvp9lppx5ya9h5b42fcmxb32-go-1.23.4"
        },
        "x86_64-linux": {
          "outputs": [
            {
              "name": "out",
              "path": "/nix/store/jfv85qbj4vb1dafcg6kncg4vrbq2bbxv-go-1.23.4",
              "default": true
            }
          ],
          "store_path": "/nix/store/jfv85qbj4vb1dafcg6kncg4vrbq2bbxv-go-1.23.4"
        }
      }
    },
    "golangci-lint@latest": {
      "last_modified": "2024-12-23T21:10:33Z",
      "resolved": "github:NixOS/nixpkgs/de1864217bfa9b5845f465e771e0ecb48b30e02d#golangci-lint",
      "source": "devbox-search",
      "version": "1.62.2",
      "systems": {
        "aarch64-darwin": {
          "outputs": [
            {
              "name": "out",
              "path": "/nix/store/5liapbkl2xs5kww2wvs2yv8grhcaswwl-golangci-lint-1.62.2",
              "default": true
            }
          ],
          "store_path": "/nix/store/5liapbkl2xs5kww2wvs2yv8grhcaswwl-golangci-lint-1.62.2"
        },
        "aarch64-linux": {
          "outputs": [
            {
              "name": "out",
              "path": "/nix/store/87ihwdp39vxi97q0bfv8isw2p1pyz257-golangci-lint-1.62.2",
              "default": true
            }
          ],
          "store_path": "/nix/store/87ihwdp39vxi97q0bfv8isw2p1pyz257-golangci-lint-1.62.2"
        },
        "x86_64-darwin": {
          "outputs": [
            {
              "name": "out",
              "path": "/nix/store/73jfn21by312v2jawvmb9rkjhls28ry7-golangci-lint-1.62.2",
              "default": true
            }
          ],
          "store_path": "/nix/store/73jfn21by312v2jawvmb9rkjhls28ry7-golangci-lint-1.62.2"
        },
        "x86_64-linux": {
          "outputs": [
            {
              "name": "out",
              "path": "/nix/store/rzvlg3gzv8cgr4qpvsxx1q8pmgdl9j95-golangci-lint-1.62.2",
              "default": true
            }
          ],
          "store_path": "/nix/store/rzvlg3gzv8cgr4qpvsxx1q8pmgdl9j95-golangci-lint-1.62.2"
        }
      }
    },
    "gopls@latest": {
      "last_modified": "2024-12-23T21:10:33Z",
      "resolved": "github:NixOS/nixpkgs/de1864217bfa9b5845f465e771e0ecb48b30e02d#gopls",
      "source": "devbox-search",
      "version": "0.17.1",
      "systems": {
        "aarch64-darwin": {
          "outputs": [
            {
              "name": "out",
              "path": "/nix/store/b59h9ik2q6nxhkalya692496y4rz42id-gopls-0.17.1",
              "default": true
            }
          ],
          "store_path": "/nix/store/b59h9ik2q6nxhkalya692496y4rz42id-gopls-0.17.1"
        },
        "aarch64-linux": {
          "outputs": [
            {
              "name": "out",
              "path": "/nix/store/lkj8mv03qgvmx97g4zpsk6b6ic813glj-gopls-0.17.1",
              "default": true
            }
          ],
          "store_path": "/nix/store/lkj8mv03qgvmx97g4zpsk6b6ic813glj-gopls-0.17.1"
        },
        "x86_64-darwin": {
          "outputs": [
            {
              "name": "out",
              "path": "/nix/store/g8752b8qvrqk0dpymy5jahbm7lkcp01c-gopls-0.17.1",
              "default": true
            }
          ],
          "store_path": "/nix/store/g8752b8qvrqk0dpymy5jahbm7lkcp01c-gopls-0.17.1"
        },
        "x86_64-linux": {
          "outputs": [
            {
              "name": "out",
              "path": "/nix/store/da1qd9d49rjg5gvqyzhi4ycqs1n2kkp3-gopls-0.17.1",
              "default": true
            }
          ],
          "store_path": "/nix/store/da1qd9d49rjg5gvqyzhi4ycqs1n2kkp3-gopls-0.17.1"
        }
      }
    },
    "just@latest": {
      "last_modified": "2024-12-23T21:10:33Z",
      "resolved": "github:NixOS/nixpkgs/de1864217bfa9b5845f465e771e0ecb48b30e02d#just",
      "source": "devbox-search",
      "version": "1.38.0",
      "systems": {
        "aarch64-darwin": {
          "outputs": [
            {
              "name": "out",
              "path": "/nix/store/vsh8l0h4w2s2chhxnq3crggnqgajv8fr-just-1.38.0",
              "default": true
            },
            {
              "name": "man",
              "path": "/nix/store/4v2f2ilb558wldh4wl5iplhbqbwcs8x7-just-1.38.0-man",
              "default": true
            },
            {
              "name": "doc",
              "path": "/nix/store/ys7i8a3y8x0wpvpgjm1cg32vcmkvghaq-just-1.38.0-doc"
            }
          ],
          "store_path": "/nix/store/vsh8l0h4w2s2chhxnq3crggnqgajv8fr-just-1.38.0"
        },
        "aarch64-linux": {
          "outputs": [
            {
              "name": "out",
              "path": "/nix/store/v9c5rvb1f5351vnfqw1dwrqnyr0zmwkl-just-1.38.0",
              "default": true
            },
            {
              "name": "man",
              "path": "/nix/store/b402yzxcpdldqafh9lh1vz10pifyyrm1-just-1.38.0-man",
              "default": true
            },
            {
              "name": "doc",
              "path": "/nix/store/wdvhp7n1ll2r94bp1wq0nw9d7jsy9h5r-just-1.38.0-doc"
            }
          ],
          "store_path": "/nix/store/v9c5rvb1f5351vnfqw1dwrqnyr0zmwkl-just-1.38.0"
        },
        "x86_64-darwin": {
          "outputs": [
            {
              "name": "out",
              "path": "/nix/store/nrwx6y35zjj83shb7vj6nxl5a7ll7jfq-just-1.38.0",
              "default": true
            },
            {
              "name": "man",
              "path": "/nix/store/g72x3fkmf25sa8gc3sh17wm2s14vk1zi-just-1.38.0-man",
              "default": true
            },
            {
              "name": "doc",
              "path": "/nix/store/1z00n6g7id3z5x4wgmxnpp0www1r9ah6-just-1.38.0-doc"
            }
          ],
          "store_path": "/nix/store/nrwx6y35zjj83shb7vj6nxl5a7ll7jfq-just-1.38.0"
        },
        "x86_64-linux": {
          "outputs": [
            {
              "name": "out",
              "path": "/nix/store/8gfn54vq7r96i0jpdgbz4084b4n5if61-just-1.38.0",
              "default": true
            },
            {
              "name": "man",
              "path": "/nix/store/kh82ps1zp22cv36l4w1r7pzv1rbzpmjz-just-1.38.0-man",
              "default": true
            },
            {
              "name": "doc",
              "path": "/nix/store/lxn266hlm8ngl6r0bkz9bdc2g5iskqby-just-1.38.0-doc"
            }
          ],
          "store_path": "/nix/store/8gfn54vq7r96i0jpdgbz4084b4n5if61-just-1.38.0"
        }
      }
    }
  }
}
